{
  "version": 4,
  "terraform_version": "1.6.4",
  "serial": 16,
  "lineage": "3f80bb19-68db-9461-29f6-3a97d67c09f6",
  "outputs": {},
  "resources": [
    {
      "mode": "data",
      "type": "google_firebase_web_app_config",
      "name": "example",
      "provider": "provider[\"registry.terraform.io/hashicorp/google-beta\"]",
      "instances": [
        {
          "schema_version": 0,
          "attributes": {
            "api_key": "AIzaSyDuPI2i081bDHcYMOEvOURDKyaIm9O8OQI",
            "auth_domain": "sample-firebase-ai-app-dd0ad.firebaseapp.com",
            "database_url": "",
            "id": "1:654005918721:web:0781dcb9dc193502dbb400",
            "location_id": "",
            "measurement_id": "",
            "messaging_sender_id": "654005918721",
            "project": "sample-firebase-ai-app-dd0ad",
            "storage_bucket": "sample-firebase-ai-app-dd0ad.firebasestorage.app",
            "web_app_id": "1:654005918721:web:0781dcb9dc193502dbb400"
          },
          "sensitive_attributes": []
        }
      ]
    },
    {
      "mode": "data",
      "type": "google_project",
      "name": "project",
      "provider": "provider[\"registry.terraform.io/hashicorp/google-beta\"]",
      "instances": [
        {
          "schema_version": 0,
          "attributes": {
            "auto_create_network": null,
            "billing_account": null,
            "deletion_policy": "DELETE",
            "effective_labels": {
              "firebase": "enabled",
              "firebase-core": "disabled"
            },
            "folder_id": "",
            "id": "projects/sample-firebase-ai-app-dd0ad",
            "labels": {
              "firebase": "enabled",
              "firebase-core": "disabled"
            },
            "name": "Sample Firebase AI App ",
            "number": "654005918721",
            "org_id": "334675120687",
            "project_id": "sample-firebase-ai-app-dd0ad",
            "skip_delete": null,
            "terraform_labels": {
              "firebase": "enabled",
              "firebase-core": "disabled"
            }
          },
          "sensitive_attributes": []
        }
      ]
    },
    {
      "mode": "managed",
      "type": "google_apikeys_key",
      "name": "generativelanguage",
      "provider": "provider[\"registry.terraform.io/hashicorp/google-beta\"]",
      "instances": [
        {
          "schema_version": 0,
          "attributes": {
            "display_name": "Gemini API Key",
            "id": "projects/sample-firebase-ai-app-dd0ad/locations/global/keys/gemini-api-key",
            "key_string": "AIzaSyBdcBFODMDOZOidyb6Kj01gaE-taaoEyhM",
            "name": "gemini-api-key",
            "project": "sample-firebase-ai-app-dd0ad",
            "restrictions": [
              {
                "android_key_restrictions": [],
                "api_targets": [
                  {
                    "methods": [],
                    "service": "generativelanguage.googleapis.com"
                  }
                ],
                "browser_key_restrictions": [
                  {
                    "allowed_referrers": [
                      "*"
                    ]
                  }
                ],
                "ios_key_restrictions": [],
                "server_key_restrictions": []
              }
            ],
            "timeouts": null,
            "uid": "e803e772-3d69-4650-8381-7e1f6cefffc3"
          },
          "sensitive_attributes": [],
          "private": "eyJlMmJmYjczMC1lY2FhLTExZTYtOGY4OC0zNDM2M2JjN2M0YzAiOnsiY3JlYXRlIjoxMjAwMDAwMDAwMDAwLCJkZWxldGUiOjEyMDAwMDAwMDAwMDAsInVwZGF0ZSI6MTIwMDAwMDAwMDAwMH19",
          "dependencies": [
            "google_project_service.services"
          ]
        }
      ]
    },
    {
      "mode": "managed",
      "type": "google_firebase_web_app",
      "name": "example",
      "provider": "provider[\"registry.terraform.io/hashicorp/google-beta\"]",
      "instances": [
        {
          "schema_version": 0,
          "attributes": {
            "api_key_id": "e47cda74-f998-4f98-b805-cec3e5886edf",
            "app_id": "1:654005918721:web:0781dcb9dc193502dbb400",
            "app_urls": [],
            "deletion_policy": "DELETE",
            "display_name": "Make It So AI!",
            "id": "projects/sample-firebase-ai-app-dd0ad/webApps/1:654005918721:web:0781dcb9dc193502dbb400",
            "name": "projects/sample-firebase-ai-app-dd0ad/webApps/1:654005918721:web:0781dcb9dc193502dbb400",
            "project": "sample-firebase-ai-app-dd0ad",
            "timeouts": null
          },
          "sensitive_attributes": [],
          "private": "eyJlMmJmYjczMC1lY2FhLTExZTYtOGY4OC0zNDM2M2JjN2M0YzAiOnsiY3JlYXRlIjoxMjAwMDAwMDAwMDAwLCJkZWxldGUiOjEyMDAwMDAwMDAwMDAsInVwZGF0ZSI6MTIwMDAwMDAwMDAwMH19"
        }
      ]
    },
    {
      "mode": "managed",
      "type": "google_firebaserules_release",
      "name": "firestore",
      "provider": "provider[\"registry.terraform.io/hashicorp/google-beta\"]",
      "instances": [
        {
          "schema_version": 0,
          "attributes": {
            "create_time": "2025-01-23T13:57:54.547995Z",
            "disabled": false,
            "id": "projects/sample-firebase-ai-app-dd0ad/releases/cloud.firestore",
            "name": "cloud.firestore",
            "project": "sample-firebase-ai-app-dd0ad",
            "ruleset_name": "2a6a7dc1-13dc-4114-ac09-5d1d690507a4",
            "timeouts": null,
            "update_time": "2025-01-23T13:57:54.547995Z"
          },
          "sensitive_attributes": [],
          "private": "eyJlMmJmYjczMC1lY2FhLTExZTYtOGY4OC0zNDM2M2JjN2M0YzAiOnsiY3JlYXRlIjoxMjAwMDAwMDAwMDAwLCJkZWxldGUiOjEyMDAwMDAwMDAwMDB9fQ==",
          "dependencies": [
            "google_firebaserules_ruleset.firestore",
            "google_firestore_database.database",
            "google_project_service.services",
            "local_file.firestore_rules"
          ]
        }
      ]
    },
    {
      "mode": "managed",
      "type": "google_firebaserules_ruleset",
      "name": "firestore",
      "provider": "provider[\"registry.terraform.io/hashicorp/google-beta\"]",
      "instances": [
        {
          "schema_version": 0,
          "attributes": {
            "create_time": "2025-01-23T13:57:50.249036Z",
            "id": "projects/sample-firebase-ai-app-dd0ad/rulesets/2a6a7dc1-13dc-4114-ac09-5d1d690507a4",
            "metadata": [
              {
                "services": [
                  "cloud.firestore"
                ]
              }
            ],
            "name": "2a6a7dc1-13dc-4114-ac09-5d1d690507a4",
            "project": "sample-firebase-ai-app-dd0ad",
            "source": [
              {
                "files": [
                  {
                    "content": "service cloud.firestore {\n  match /databases/{database}/documents/{document=**} {\n    allow read, write: if request.auth != null \u0026\u0026 request.time \u003c timestamp.date(2025, 2, 22);\n  }\n}\n",
                    "fingerprint": "",
                    "name": "firestore.rules"
                  }
                ],
                "language": ""
              }
            ],
            "timeouts": null
          },
          "sensitive_attributes": [],
          "private": "eyJlMmJmYjczMC1lY2FhLTExZTYtOGY4OC0zNDM2M2JjN2M0YzAiOnsiY3JlYXRlIjoxMjAwMDAwMDAwMDAwLCJkZWxldGUiOjEyMDAwMDAwMDAwMDB9fQ==",
          "dependencies": [
            "google_firestore_database.database",
            "google_project_service.services",
            "local_file.firestore_rules"
          ]
        }
      ]
    },
    {
      "mode": "managed",
      "type": "google_firestore_database",
      "name": "database",
      "provider": "provider[\"registry.terraform.io/hashicorp/google-beta\"]",
      "instances": [
        {
          "schema_version": 0,
          "attributes": {
            "app_engine_integration_mode": "DISABLED",
            "cmek_config": [],
            "concurrency_mode": "PESSIMISTIC",
            "create_time": "",
            "delete_protection_state": "DELETE_PROTECTION_DISABLED",
            "deletion_policy": "ABANDON",
            "earliest_version_time": "2025-01-23T13:57:37.279220Z",
            "etag": "ILDFv4KAjIsDMPSx//D/i4sD",
            "id": "projects/sample-firebase-ai-app-dd0ad/databases/(default)",
            "key_prefix": "",
            "location_id": "nam5",
            "name": "(default)",
            "point_in_time_recovery_enablement": "POINT_IN_TIME_RECOVERY_DISABLED",
            "project": "sample-firebase-ai-app-dd0ad",
            "timeouts": null,
            "type": "FIRESTORE_NATIVE",
            "uid": "790d8b08-c99d-41af-b2a9-505e095446d0",
            "update_time": "",
            "version_retention_period": "3600s"
          },
          "sensitive_attributes": [],
          "private": "eyJlMmJmYjczMC1lY2FhLTExZTYtOGY4OC0zNDM2M2JjN2M0YzAiOnsiY3JlYXRlIjoxMjAwMDAwMDAwMDAwLCJkZWxldGUiOjEyMDAwMDAwMDAwMDAsInVwZGF0ZSI6MTIwMDAwMDAwMDAwMH19",
          "dependencies": [
            "google_project_service.services"
          ]
        }
      ]
    },
    {
      "mode": "managed",
      "type": "google_project_service",
      "name": "services",
      "provider": "provider[\"registry.terraform.io/hashicorp/google-beta\"]",
      "instances": [
        {
          "index_key": "apikeys.googleapis.com",
          "schema_version": 0,
          "attributes": {
            "check_if_service_has_usage_on_destroy": false,
            "disable_dependent_services": null,
            "disable_on_destroy": false,
            "id": "sample-firebase-ai-app-dd0ad/apikeys.googleapis.com",
            "project": "sample-firebase-ai-app-dd0ad",
            "service": "apikeys.googleapis.com",
            "timeouts": null
          },
          "sensitive_attributes": [],
          "private": "eyJlMmJmYjczMC1lY2FhLTExZTYtOGY4OC0zNDM2M2JjN2M0YzAiOnsiY3JlYXRlIjoxMjAwMDAwMDAwMDAwLCJkZWxldGUiOjEyMDAwMDAwMDAwMDAsInJlYWQiOjYwMDAwMDAwMDAwMCwidXBkYXRlIjoxMjAwMDAwMDAwMDAwfX0="
        },
        {
          "index_key": "firebaserules.googleapis.com",
          "schema_version": 0,
          "attributes": {
            "check_if_service_has_usage_on_destroy": false,
            "disable_dependent_services": null,
            "disable_on_destroy": false,
            "id": "sample-firebase-ai-app-dd0ad/firebaserules.googleapis.com",
            "project": "sample-firebase-ai-app-dd0ad",
            "service": "firebaserules.googleapis.com",
            "timeouts": null
          },
          "sensitive_attributes": [],
          "private": "eyJlMmJmYjczMC1lY2FhLTExZTYtOGY4OC0zNDM2M2JjN2M0YzAiOnsiY3JlYXRlIjoxMjAwMDAwMDAwMDAwLCJkZWxldGUiOjEyMDAwMDAwMDAwMDAsInJlYWQiOjYwMDAwMDAwMDAwMCwidXBkYXRlIjoxMjAwMDAwMDAwMDAwfX0="
        },
        {
          "index_key": "firestore.googleapis.com",
          "schema_version": 0,
          "attributes": {
            "check_if_service_has_usage_on_destroy": false,
            "disable_dependent_services": null,
            "disable_on_destroy": false,
            "id": "sample-firebase-ai-app-dd0ad/firestore.googleapis.com",
            "project": "sample-firebase-ai-app-dd0ad",
            "service": "firestore.googleapis.com",
            "timeouts": null
          },
          "sensitive_attributes": [],
          "private": "eyJlMmJmYjczMC1lY2FhLTExZTYtOGY4OC0zNDM2M2JjN2M0YzAiOnsiY3JlYXRlIjoxMjAwMDAwMDAwMDAwLCJkZWxldGUiOjEyMDAwMDAwMDAwMDAsInJlYWQiOjYwMDAwMDAwMDAwMCwidXBkYXRlIjoxMjAwMDAwMDAwMDAwfX0="
        },
        {
          "index_key": "generativelanguage.googleapis.com",
          "schema_version": 0,
          "attributes": {
            "check_if_service_has_usage_on_destroy": false,
            "disable_dependent_services": null,
            "disable_on_destroy": false,
            "id": "sample-firebase-ai-app-dd0ad/generativelanguage.googleapis.com",
            "project": "sample-firebase-ai-app-dd0ad",
            "service": "generativelanguage.googleapis.com",
            "timeouts": null
          },
          "sensitive_attributes": [],
          "private": "eyJlMmJmYjczMC1lY2FhLTExZTYtOGY4OC0zNDM2M2JjN2M0YzAiOnsiY3JlYXRlIjoxMjAwMDAwMDAwMDAwLCJkZWxldGUiOjEyMDAwMDAwMDAwMDAsInJlYWQiOjYwMDAwMDAwMDAwMCwidXBkYXRlIjoxMjAwMDAwMDAwMDAwfX0="
        },
        {
          "index_key": "serviceusage.googleapis.com",
          "schema_version": 0,
          "attributes": {
            "check_if_service_has_usage_on_destroy": false,
            "disable_dependent_services": null,
            "disable_on_destroy": false,
            "id": "sample-firebase-ai-app-dd0ad/serviceusage.googleapis.com",
            "project": "sample-firebase-ai-app-dd0ad",
            "service": "serviceusage.googleapis.com",
            "timeouts": null
          },
          "sensitive_attributes": [],
          "private": "eyJlMmJmYjczMC1lY2FhLTExZTYtOGY4OC0zNDM2M2JjN2M0YzAiOnsiY3JlYXRlIjoxMjAwMDAwMDAwMDAwLCJkZWxldGUiOjEyMDAwMDAwMDAwMDAsInJlYWQiOjYwMDAwMDAwMDAwMCwidXBkYXRlIjoxMjAwMDAwMDAwMDAwfX0="
        }
      ]
    },
    {
      "mode": "managed",
      "type": "google_service_usage_consumer_quota_override",
      "name": "generativelanguage",
      "provider": "provider[\"registry.terraform.io/hashicorp/google-beta\"]",
      "instances": [
        {
          "schema_version": 0,
          "attributes": {
            "dimensions": {},
            "force": true,
            "id": "projects/sample-firebase-ai-app-dd0ad/services/generativelanguage.googleapis.com/consumerQuotaMetrics/generativelanguage.googleapis.com%2Fgenerate_requests_per_model/limits/%2Fmin%2Fmodel%2Fproject/consumerOverrides/Cg1RdW90YU92ZXJyaWRl",
            "limit": "%2Fmin%2Fmodel%2Fproject",
            "metric": "generativelanguage.googleapis.com%2Fgenerate_requests_per_model",
            "name": "Cg1RdW90YU92ZXJyaWRl",
            "override_value": "10",
            "project": "sample-firebase-ai-app-dd0ad",
            "service": "generativelanguage.googleapis.com",
            "timeouts": null
          },
          "sensitive_attributes": [],
          "private": "eyJlMmJmYjczMC1lY2FhLTExZTYtOGY4OC0zNDM2M2JjN2M0YzAiOnsiY3JlYXRlIjoxMjAwMDAwMDAwMDAwLCJkZWxldGUiOjEyMDAwMDAwMDAwMDAsInVwZGF0ZSI6MTIwMDAwMDAwMDAwMH19",
          "dependencies": [
            "google_project_service.services"
          ]
        }
      ]
    },
    {
      "mode": "managed",
      "type": "local_file",
      "name": "environment_ts",
      "provider": "provider[\"registry.terraform.io/hashicorp/local\"]",
      "instances": [
        {
          "schema_version": 0,
          "attributes": {
            "content": "export const environment = {\n  firebase: {\n      apiKey: 'AIzaSyDuPI2i081bDHcYMOEvOURDKyaIm9O8OQI',\n      authDomain: 'sample-firebase-ai-app-dd0ad.firebaseapp.com',\n      databaseURL: '',\n      projectId: 'sample-firebase-ai-app-dd0ad',\n      storageBucket: 'sample-firebase-ai-app-dd0ad.firebasestorage.app',\n      messagingSenderId: '654005918721',\n      appId: '1:654005918721:web:0781dcb9dc193502dbb400',\n      measurementId: '',\n  },\n  gemini_api_key: 'AIzaSyBdcBFODMDOZOidyb6Kj01gaE-taaoEyhM',\n  debug_token: ''\n};",
            "content_base64": null,
            "content_base64sha256": "I+vv0oOK88r00Hw8G/twr5kSVN3w70RnI7/fIh37AxA=",
            "content_base64sha512": "iDprQpYYqG0wpKZZI8Lj8GDj6nMiQRsS16TkqdK3fnZFyjqr5hXQ6B1YFpjOVRsMqcZUPVj8U/iokcv5zZCeUQ==",
            "content_md5": "f6d807361e35a8291325025bd3372ce4",
            "content_sha1": "9000b7e0afe7de8b47918f3b030ac63855da9a85",
            "content_sha256": "23ebefd2838af3caf4d07c3c1bfb70af991254ddf0ef446723bfdf221dfb0310",
            "content_sha512": "883a6b429618a86d30a4a65923c2e3f060e3ea7322411b12d7a4e4a9d2b77e7645ca3aabe615d0e81d581698ce551b0ca9c6543d58fc53f8a891cbf9cd909e51",
            "directory_permission": "0777",
            "file_permission": "0777",
            "filename": "./src/environments/environments.ts",
            "id": "9000b7e0afe7de8b47918f3b030ac63855da9a85",
            "sensitive_content": null,
            "source": null
          },
          "sensitive_attributes": [
            [
              {
                "type": "get_attr",
                "value": "content"
              }
            ]
          ],
          "dependencies": [
            "data.google_firebase_web_app_config.example",
            "data.google_project.project",
            "google_apikeys_key.generativelanguage",
            "google_firebase_web_app.example",
            "google_project_service.services"
          ]
        }
      ]
    },
    {
      "mode": "managed",
      "type": "local_file",
      "name": "firebaserc",
      "provider": "provider[\"registry.terraform.io/hashicorp/local\"]",
      "instances": [
        {
          "schema_version": 0,
          "attributes": {
            "content": "{\"projects\":{\"default\":\"sample-firebase-ai-app-dd0ad\"}}",
            "content_base64": null,
            "content_base64sha256": "2pdydZKLUfT5VqK25zd0/+reYNHBS2m7MDLuVDw0IB0=",
            "content_base64sha512": "IuT2stJYeA6s/m0UT4bBk9TDsnmyUsM+BhI2ngpc8PkSSC2MNy/JeyXQx95KEd/BTFCpAu0qExOQrinE6b+idw==",
            "content_md5": "fbfa845b61dec302398d0c4b4dbcc258",
            "content_sha1": "34cfe7e632932232e557e8abc34e485343440a05",
            "content_sha256": "da977275928b51f4f956a2b6e73774ffeade60d1c14b69bb3032ee543c34201d",
            "content_sha512": "22e4f6b2d258780eacfe6d144f86c193d4c3b279b252c33e0612369e0a5cf0f912482d8c372fc97b25d0c7de4a11dfc14c50a902ed2a131390ae29c4e9bfa277",
            "directory_permission": "0777",
            "file_permission": "0777",
            "filename": "./.firebaserc",
            "id": "34cfe7e632932232e557e8abc34e485343440a05",
            "sensitive_content": null,
            "source": null
          },
          "sensitive_attributes": []
        }
      ]
    },
    {
      "mode": "managed",
      "type": "local_file",
      "name": "firestore_rules",
      "provider": "provider[\"registry.terraform.io/hashicorp/local\"]",
      "instances": [
        {
          "schema_version": 0,
          "attributes": {
            "content": "service cloud.firestore {\n  match /databases/{database}/documents/{document=**} {\n    allow read, write: if request.auth != null \u0026\u0026 request.time \u003c timestamp.date(2025, 2, 22);\n  }\n}\n",
            "content_base64": null,
            "content_base64sha256": "nks00MPlIRyUpfTECcn/qVl11Ci6gI4lBzpR/DbJWRI=",
            "content_base64sha512": "p8VKzQnvjj+i7n1p1GyIEHOy0Y5H/SwUCEX6Fv5wAxXoMboFVz/sVQ8ZhJi52uLd8eY6oOVejv1WxyIY+wnHyg==",
            "content_md5": "051e949e6a44b693cca8b634ef2da7e0",
            "content_sha1": "24b37a3a7d7c68f146e0cea8f472fe9e17368407",
            "content_sha256": "9e4b34d0c3e5211c94a5f4c409c9ffa95975d428ba808e25073a51fc36c95912",
            "content_sha512": "a7c54acd09ef8e3fa2ee7d69d46c881073b2d18e47fd2c140845fa16fe700315e831ba05573fec550f198498b9dae2ddf1e63aa0e55e8efd56c72218fb09c7ca",
            "directory_permission": "0777",
            "file_permission": "0777",
            "filename": "./firestore.rules",
            "id": "24b37a3a7d7c68f146e0cea8f472fe9e17368407",
            "sensitive_content": null,
            "source": null
          },
          "sensitive_attributes": []
        }
      ]
    }
  ],
  "check_results": null
}
